
Microsoft Visual Studio Solution File, Format Version 12.00
# Visual Studio Version 17
VisualStudioVersion = 17.4.33103.184
MinimumVisualStudioVersion = 10.0.40219.1
Project("{9A19103F-16F7-4668-BE54-9A1E7A4F7556}") = "BedeGaming", "Bede-gaming\BedeGaming.csproj", "{A4D2A072-BE4D-4EF0-825E-C11E9E25C428}"
EndProject
Project("{FAE04EC0-301F-11D3-BF4B-00C04F79EFBC}") = "SimplifiedSlotMachine.Tests", "SimplifiedSlotMachine.Tests\SimplifiedSlotMachine.Tests.csproj", "{087DBFF2-0F6D-45D6-B6D5-0466FFEACA8F}"
EndProject
Global
	GlobalSection(SolutionConfigurationPlatforms) = preSolution
		Debug|Any CPU = Debug|Any CPU
		Release|Any CPU = Release|Any CPU
	EndGlobalSection
	GlobalSection(ProjectConfigurationPlatforms) = postSolution
		{A4D2A072-BE4D-4EF0-825E-C11E9E25C428}.Debug|Any CPU.ActiveCfg = Debug|Any CPU
		{A4D2A072-BE4D-4EF0-825E-C11E9E25C428}.Debug|Any CPU.Build.0 = Debug|Any CPU
		{A4D2A072-BE4D-4EF0-825E-C11E9E25C428}.Release|Any CPU.ActiveCfg = Release|Any CPU
		{A4D2A072-BE4D-4EF0-825E-C11E9E25C428}.Release|Any CPU.Build.0 = Release|Any CPU
		{087DBFF2-0F6D-45D6-B6D5-0466FFEACA8F}.Debug|Any CPU.ActiveCfg = Debug|Any CPU
		{087DBFF2-0F6D-45D6-B6D5-0466FFEACA8F}.Debug|Any CPU.Build.0 = Debug|Any CPU
		{087DBFF2-0F6D-45D6-B6D5-0466FFEACA8F}.Release|Any CPU.ActiveCfg = Release|Any CPU
		{087DBFF2-0F6D-45D6-B6D5-0466FFEACA8F}.Release|Any CPU.Build.0 = Release|Any CPU
	EndGlobalSection
	GlobalSection(SolutionProperties) = preSolution
		HideSolutionNode = FALSE
	EndGlobalSection
	GlobalSection(ExtensibilityGlobals) = postSolution
		SolutionGuid = {A78D14ED-F83A-4CE7-910F-546C47415056}
	EndGlobalSection
EndGlobal
